{
  "name": "mynft",
  "version": "1.0.0",
  "lockfileVersion": 2,
  "requires": true,
  "packages": {
    "": {
      "name": "mynft",
      "version": "1.0.0",
      "license": "ISC",
      "dependencies": {
        "@openzeppelin/contracts": "4.3.2",
        "openzeppelin-solidity": "4.3.2"
      }
    },
    "node_modules/@openzeppelin/contracts": {
      "version": "4.3.2",
      "resolved": "https://registry.npmmirror.com/@openzeppelin/contracts/download/@openzeppelin/contracts-4.3.2.tgz",
      "integrity": "sha1-/4Cv/W01Lb4bvFtOGDPEGv1ig7Y="
    },
    "node_modules/openzeppelin-solidity": {
      "version": "4.3.2",
      "resolved": "https://registry.npmmirror.com/openzeppelin-solidity/download/openzeppelin-solidity-4.3.2.tgz",
      "integrity": "sha1-MKs8uBMWagcLjkbXrHGa76RXGSE=",
      "deprecated": "This package is now published as @openzeppelin/contracts. Please change your dependency.",
      "bin": {
        "openzeppelin-contracts-migrate-imports": "scripts/migrate-imports.js"
      }
    }
  },
  "dependencies": {
    "@openzeppelin/contracts": {
      "version": "4.3.2",
      "resolved": "https://registry.npmmirror.com/@openzeppelin/contracts/download/@openzeppelin/contracts-4.3.2.tgz",
      "integrity": "sha1-/4Cv/W01Lb4bvFtOGDPEGv1ig7Y="
    },
    "openzeppelin-solidity": {
      "version": "4.3.2",
      "resolved": "https://registry.npmmirror.com/openzeppelin-solidity/download/openzeppelin-solidity-4.3.2.tgz",
      "integrity": "sha1-MKs8uBMWagcLjkbXrHGa76RXGSE="
    }
  }
}
